
Microsoft Visual Studio Solution File, Format Version 12.00
# Visual Studio Version 17
VisualStudioVersion = 17.12.35527.113
MinimumVisualStudioVersion = 10.0.40219.1
Project("{FAE04EC0-301F-11D3-BF4B-00C04F79EFBC}") = "TableReservationSystem", "TableReservationSystem.csproj", "{C8531D69-A7AF-42E5-A1A0-55E601BCF277}"
EndProject
Project("{FAE04EC0-301F-11D3-BF4B-00C04F79EFBC}") = "TableReservationSystemWeb", "..\TableReservationSystemWeb\TableReservationSystemWeb.csproj", "{E912EAAF-D511-42C2-ABD9-5BCF9766FCFA}"
EndProject
Project("{FAE04EC0-301F-11D3-BF4B-00C04F79EFBC}") = "TableReservationSystemTests", "..\TableReservationSystemTests\TableReservationSystemTests.csproj", "{72BFE57A-9C3D-4875-B00A-B0FCD500C8E1}"
EndProject
Global
	GlobalSection(SolutionConfigurationPlatforms) = preSolution
		Debug|Any CPU = Debug|Any CPU
		Release|Any CPU = Release|Any CPU
	EndGlobalSection
	GlobalSection(ProjectConfigurationPlatforms) = postSolution
		{C8531D69-A7AF-42E5-A1A0-55E601BCF277}.Debug|Any CPU.ActiveCfg = Debug|Any CPU
		{C8531D69-A7AF-42E5-A1A0-55E601BCF277}.Debug|Any CPU.Build.0 = Debug|Any CPU
		{C8531D69-A7AF-42E5-A1A0-55E601BCF277}.Release|Any CPU.ActiveCfg = Release|Any CPU
		{C8531D69-A7AF-42E5-A1A0-55E601BCF277}.Release|Any CPU.Build.0 = Release|Any CPU
		{E912EAAF-D511-42C2-ABD9-5BCF9766FCFA}.Debug|Any CPU.ActiveCfg = Debug|Any CPU
		{E912EAAF-D511-42C2-ABD9-5BCF9766FCFA}.Debug|Any CPU.Build.0 = Debug|Any CPU
		{E912EAAF-D511-42C2-ABD9-5BCF9766FCFA}.Release|Any CPU.ActiveCfg = Release|Any CPU
		{E912EAAF-D511-42C2-ABD9-5BCF9766FCFA}.Release|Any CPU.Build.0 = Release|Any CPU
		{72BFE57A-9C3D-4875-B00A-B0FCD500C8E1}.Debug|Any CPU.ActiveCfg = Debug|Any CPU
		{72BFE57A-9C3D-4875-B00A-B0FCD500C8E1}.Debug|Any CPU.Build.0 = Debug|Any CPU
		{72BFE57A-9C3D-4875-B00A-B0FCD500C8E1}.Release|Any CPU.ActiveCfg = Release|Any CPU
		{72BFE57A-9C3D-4875-B00A-B0FCD500C8E1}.Release|Any CPU.Build.0 = Release|Any CPU
	EndGlobalSection
	GlobalSection(SolutionProperties) = preSolution
		HideSolutionNode = FALSE
	EndGlobalSection
EndGlobal
