
Microsoft Visual Studio Solution File, Format Version 12.00
# Visual Studio Version 17
VisualStudioVersion = 17.12.35527.113
MinimumVisualStudioVersion = 10.0.40219.1
Project("{FAE04EC0-301F-11D3-BF4B-00C04F79EFBC}") = "TicTacToeAP12", "TicTacToeAP12.csproj", "{129F85AB-C0FF-4C6A-817D-B0AE01511A12}"
EndProject
Global
	GlobalSection(SolutionConfigurationPlatforms) = preSolution
		Debug|Any CPU = Debug|Any CPU
		Release|Any CPU = Release|Any CPU
	EndGlobalSection
	GlobalSection(ProjectConfigurationPlatforms) = postSolution
		{129F85AB-C0FF-4C6A-817D-B0AE01511A12}.Debug|Any CPU.ActiveCfg = Debug|Any CPU
		{129F85AB-C0FF-4C6A-817D-B0AE01511A12}.Debug|Any CPU.Build.0 = Debug|Any CPU
		{129F85AB-C0FF-4C6A-817D-B0AE01511A12}.Release|Any CPU.ActiveCfg = Release|Any CPU
		{129F85AB-C0FF-4C6A-817D-B0AE01511A12}.Release|Any CPU.Build.0 = Release|Any CPU
	EndGlobalSection
	GlobalSection(SolutionProperties) = preSolution
		HideSolutionNode = FALSE
	EndGlobalSection
EndGlobal
